
Microsoft Visual Studio Solution File, Format Version 12.00
# Visual Studio Version 17
VisualStudioVersion = 17.2.32505.173
MinimumVisualStudioVersion = 10.0.40219.1
Project("{2150E333-8FDC-42A3-9474-1A3956D46DE8}") = "Entidades", "Entidades", "{6E717EE9-0A45-41B8-AB0D-27B2409A29FC}"
EndProject
Project("{2150E333-8FDC-42A3-9474-1A3956D46DE8}") = "Aplicação", "Aplicação", "{3F94EF16-B2D9-4DEC-8C0F-7940B321E783}"
EndProject
Project("{2150E333-8FDC-42A3-9474-1A3956D46DE8}") = "Infraestrutura", "Infraestrutura", "{006EC3D9-75DC-4AE8-AEEA-12705EA1DB2C}"
EndProject
Project("{2150E333-8FDC-42A3-9474-1A3956D46DE8}") = "Utilitario", "Utilitario", "{079CF049-3CCD-4BEF-A9FD-B7D87758DBEB}"
EndProject
Project("{9A19103F-16F7-4668-BE54-9A1E7A4F7556}") = "SisCom.Entidade", "SisCom.Entidade\SisCom.Entidade.csproj", "{30DCE0CB-59A0-44E2-8E49-125A7BAA73CD}"
EndProject
Project("{9A19103F-16F7-4668-BE54-9A1E7A4F7556}") = "SisCom.Aplicacao", "SisCom.Aplicacao\SisCom.Aplicacao.csproj", "{ED511B7E-3E64-4A81-AE66-06CD08543BB0}"
EndProject
Project("{9A19103F-16F7-4668-BE54-9A1E7A4F7556}") = "Pdv.Entidade", "Pdv.Entidade\Pdv.Entidade.csproj", "{5DF8C509-EA11-43AF-A7D0-4E8013ADEA70}"
EndProject
Project("{2150E333-8FDC-42A3-9474-1A3956D46DE8}") = "Aplicação de Terceiros", "Aplicação de Terceiros", "{43CE6BB4-3E68-41C7-ABA7-EBAA3356203B}"
EndProject
Project("{9A19103F-16F7-4668-BE54-9A1E7A4F7556}") = "Pdv.Infraestrutura", "Pdv.Infraestrutura\Pdv.Infraestrutura.csproj", "{5E8B850F-95F5-4D14-91B0-6AE9E194F82E}"
EndProject
Project("{9A19103F-16F7-4668-BE54-9A1E7A4F7556}") = "SisCom.Infraestrutura", "SisCom.Infraestrutura\SisCom.Infraestrutura.csproj", "{135E3110-188A-49F3-86DE-BFCFEA2FA2E4}"
EndProject
Project("{D954291E-2A0B-460D-934E-DC6B0785DB48}") = "Funcoes", "Funcoes\Funcoes.shproj", "{C59933F5-5180-4525-84C6-44B21BDBAAF2}"
EndProject
Project("{2150E333-8FDC-42A3-9474-1A3956D46DE8}") = "Negócio", "Negócio", "{8C15C12C-1F74-4B2D-85F3-E16D64411121}"
EndProject
Project("{9A19103F-16F7-4668-BE54-9A1E7A4F7556}") = "Pdv.Negocio", "Pdv.Negocio\Pdv.Negocio.csproj", "{2AC471D6-E7EB-4ED1-AD9C-0C1729729E7B}"
EndProject
Project("{9A19103F-16F7-4668-BE54-9A1E7A4F7556}") = "SisCom.Negocio", "SisCom.Negocio\SisCom.Negocio.csproj", "{7C925B95-A8CB-40C9-A43E-07E420BBD9A0}"
EndProject
Project("{2150E333-8FDC-42A3-9474-1A3956D46DE8}") = "Componentes", "Componentes", "{15216C85-F06C-4B3F-9B3C-E17F7B8EC524}"
EndProject
Project("{2150E333-8FDC-42A3-9474-1A3956D46DE8}") = "Compartilhados", "Compartilhados", "{5DAEC066-FEC7-4E4C-A0A2-1896662B5262}"
	ProjectSection(SolutionItems) = preProject
		API_Consultas.cs = API_Consultas.cs
		CaixaMensagem.cs = CaixaMensagem.cs
		Combo_ComboBox.cs = Combo_ComboBox.cs
		Grid_DataGridView.cs = Grid_DataGridView.cs
		Imagem.cs = Imagem.cs
		NuvemFiscal.cs = NuvemFiscal.cs
		Texto_MaskedTextBox.cs = Texto_MaskedTextBox.cs
		Texto_TextBox.cs = Texto_TextBox.cs
	EndProjectSection
EndProject
Project("{2150E333-8FDC-42A3-9474-1A3956D46DE8}") = "DLLs", "DLLs", "{B288FBF4-32BB-4A27-9061-50CFDC814BB2}"
EndProject
Project("{2150E333-8FDC-42A3-9474-1A3956D46DE8}") = "DanfeSharp", "DanfeSharp", "{C80E034C-36E7-442E-85BD-445E779DA555}"
	ProjectSection(SolutionItems) = preProject
		Aplicação de Terceiros\DLLs\DanfeSharp\DanfeSharp.dll = Aplicação de Terceiros\DLLs\DanfeSharp\DanfeSharp.dll
		Aplicação de Terceiros\DLLs\DanfeSharp\DanfeSharp.pdb = Aplicação de Terceiros\DLLs\DanfeSharp\DanfeSharp.pdb
		Aplicação de Terceiros\DLLs\DanfeSharp\DanfeSharp.tlb = Aplicação de Terceiros\DLLs\DanfeSharp\DanfeSharp.tlb
		Aplicação de Terceiros\DLLs\DanfeSharp\PDFClown.dll = Aplicação de Terceiros\DLLs\DanfeSharp\PDFClown.dll
	EndProjectSection
EndProject
Project("{2150E333-8FDC-42A3-9474-1A3956D46DE8}") = "Zeus", "Zeus", "{0A966997-F6C0-4DF1-A6F9-26239C0D571F}"
	ProjectSection(SolutionItems) = preProject
		Aplicação de Terceiros\DLLs\Zeus\CoreCompat.System.Drawing.dll = Aplicação de Terceiros\DLLs\Zeus\CoreCompat.System.Drawing.dll
		Aplicação de Terceiros\DLLs\Zeus\CTe.AppTeste.NetCore.dll = Aplicação de Terceiros\DLLs\Zeus\CTe.AppTeste.NetCore.dll
		Aplicação de Terceiros\DLLs\Zeus\CTe.Classes.dll = Aplicação de Terceiros\DLLs\Zeus\CTe.Classes.dll
		Aplicação de Terceiros\DLLs\Zeus\CTe.Classes.Standard.dll = Aplicação de Terceiros\DLLs\Zeus\CTe.Classes.Standard.dll
		Aplicação de Terceiros\DLLs\Zeus\CTe.Dacte.Base.dll = Aplicação de Terceiros\DLLs\Zeus\CTe.Dacte.Base.dll
		Aplicação de Terceiros\DLLs\Zeus\CTe.Dacte.Fast.dll = Aplicação de Terceiros\DLLs\Zeus\CTe.Dacte.Fast.dll
		Aplicação de Terceiros\DLLs\Zeus\CTe.Servicos.dll = Aplicação de Terceiros\DLLs\Zeus\CTe.Servicos.dll
		Aplicação de Terceiros\DLLs\Zeus\CTe.Servicos.Standard.dll = Aplicação de Terceiros\DLLs\Zeus\CTe.Servicos.Standard.dll
		Aplicação de Terceiros\DLLs\Zeus\CTe.Utils.dll = Aplicação de Terceiros\DLLs\Zeus\CTe.Utils.dll
		Aplicação de Terceiros\DLLs\Zeus\CTe.Utils.Standard.dll = Aplicação de Terceiros\DLLs\Zeus\CTe.Utils.Standard.dll
		Aplicação de Terceiros\DLLs\Zeus\CTe.Wsdl.dll = Aplicação de Terceiros\DLLs\Zeus\CTe.Wsdl.dll
		Aplicação de Terceiros\DLLs\Zeus\CTe.Wsdl.Standard.dll = Aplicação de Terceiros\DLLs\Zeus\CTe.Wsdl.Standard.dll
		Aplicação de Terceiros\DLLs\Zeus\DFe.Classes.dll = Aplicação de Terceiros\DLLs\Zeus\DFe.Classes.dll
		Aplicação de Terceiros\DLLs\Zeus\DFe.Classes.Standard.dll = Aplicação de Terceiros\DLLs\Zeus\DFe.Classes.Standard.dll
		Aplicação de Terceiros\DLLs\Zeus\DFe.Utils.dll = Aplicação de Terceiros\DLLs\Zeus\DFe.Utils.dll
		Aplicação de Terceiros\DLLs\Zeus\DFe.Utils.Standard.dll = Aplicação de Terceiros\DLLs\Zeus\DFe.Utils.Standard.dll
		Aplicação de Terceiros\DLLs\Zeus\DFe.Wsdl.dll = Aplicação de Terceiros\DLLs\Zeus\DFe.Wsdl.dll
		Aplicação de Terceiros\DLLs\Zeus\DFe.Wsdl.Standard.dll = Aplicação de Terceiros\DLLs\Zeus\DFe.Wsdl.Standard.dll
		Aplicação de Terceiros\DLLs\Zeus\FastReport.Bars.dll = Aplicação de Terceiros\DLLs\Zeus\FastReport.Bars.dll
		Aplicação de Terceiros\DLLs\Zeus\FastReport.dll = Aplicação de Terceiros\DLLs\Zeus\FastReport.dll
		Aplicação de Terceiros\DLLs\Zeus\FastReport.Editor.dll = Aplicação de Terceiros\DLLs\Zeus\FastReport.Editor.dll
		Aplicação de Terceiros\DLLs\Zeus\FastReport.OpenSource.Export.PdfSimple.dll = Aplicação de Terceiros\DLLs\Zeus\FastReport.OpenSource.Export.PdfSimple.dll
		Aplicação de Terceiros\DLLs\Zeus\GraphicsPrinter.dll = Aplicação de Terceiros\DLLs\Zeus\GraphicsPrinter.dll
		Aplicação de Terceiros\DLLs\Zeus\MDFe.Classes.dll = Aplicação de Terceiros\DLLs\Zeus\MDFe.Classes.dll
		Aplicação de Terceiros\DLLs\Zeus\MDFe.Classes.Standard.dll = Aplicação de Terceiros\DLLs\Zeus\MDFe.Classes.Standard.dll
		Aplicação de Terceiros\DLLs\Zeus\MDFe.Damdfe.Base.dll = Aplicação de Terceiros\DLLs\Zeus\MDFe.Damdfe.Base.dll
		Aplicação de Terceiros\DLLs\Zeus\MDFe.Damdfe.Fast.dll = Aplicação de Terceiros\DLLs\Zeus\MDFe.Damdfe.Fast.dll
		Aplicação de Terceiros\DLLs\Zeus\MDFe.Servicos.dll = Aplicação de Terceiros\DLLs\Zeus\MDFe.Servicos.dll
		Aplicação de Terceiros\DLLs\Zeus\MDFe.Servicos.Standard.dll = Aplicação de Terceiros\DLLs\Zeus\MDFe.Servicos.Standard.dll
		Aplicação de Terceiros\DLLs\Zeus\MDFe.Utils.dll = Aplicação de Terceiros\DLLs\Zeus\MDFe.Utils.dll
		Aplicação de Terceiros\DLLs\Zeus\MDFe.Utils.Standard.dll = Aplicação de Terceiros\DLLs\Zeus\MDFe.Utils.Standard.dll
		Aplicação de Terceiros\DLLs\Zeus\MDFe.Wsdl.dll = Aplicação de Terceiros\DLLs\Zeus\MDFe.Wsdl.dll
		Aplicação de Terceiros\DLLs\Zeus\MDFe.Wsdl.Standard.dll = Aplicação de Terceiros\DLLs\Zeus\MDFe.Wsdl.Standard.dll
		Aplicação de Terceiros\DLLs\Zeus\Microsoft.CodeAnalysis.CSharp.dll = Aplicação de Terceiros\DLLs\Zeus\Microsoft.CodeAnalysis.CSharp.dll
		Aplicação de Terceiros\DLLs\Zeus\Microsoft.CodeAnalysis.dll = Aplicação de Terceiros\DLLs\Zeus\Microsoft.CodeAnalysis.dll
		Aplicação de Terceiros\DLLs\Zeus\Microsoft.CodeAnalysis.VisualBasic.dll = Aplicação de Terceiros\DLLs\Zeus\Microsoft.CodeAnalysis.VisualBasic.dll
		Aplicação de Terceiros\DLLs\Zeus\Microsoft.VisualStudio.TestPlatform.MSTest.TestAdapter.dll = Aplicação de Terceiros\DLLs\Zeus\Microsoft.VisualStudio.TestPlatform.MSTest.TestAdapter.dll
		Aplicação de Terceiros\DLLs\Zeus\Microsoft.VisualStudio.TestPlatform.MSTest.TestAdapter.resources.dll = Aplicação de Terceiros\DLLs\Zeus\Microsoft.VisualStudio.TestPlatform.MSTest.TestAdapter.resources.dll
		Aplicação de Terceiros\DLLs\Zeus\Microsoft.VisualStudio.TestPlatform.MSTestAdapter.PlatformServices.dll = Aplicação de Terceiros\DLLs\Zeus\Microsoft.VisualStudio.TestPlatform.MSTestAdapter.PlatformServices.dll
		Aplicação de Terceiros\DLLs\Zeus\Microsoft.VisualStudio.TestPlatform.MSTestAdapter.PlatformServices.Interface.dll = Aplicação de Terceiros\DLLs\Zeus\Microsoft.VisualStudio.TestPlatform.MSTestAdapter.PlatformServices.Interface.dll
		Aplicação de Terceiros\DLLs\Zeus\Microsoft.VisualStudio.TestPlatform.MSTestAdapter.PlatformServices.resources.dll = Aplicação de Terceiros\DLLs\Zeus\Microsoft.VisualStudio.TestPlatform.MSTestAdapter.PlatformServices.resources.dll
		Aplicação de Terceiros\DLLs\Zeus\Microsoft.VisualStudio.TestPlatform.TestFramework.dll = Aplicação de Terceiros\DLLs\Zeus\Microsoft.VisualStudio.TestPlatform.TestFramework.dll
		Aplicação de Terceiros\DLLs\Zeus\Microsoft.VisualStudio.TestPlatform.TestFramework.Extensions.dll = Aplicação de Terceiros\DLLs\Zeus\Microsoft.VisualStudio.TestPlatform.TestFramework.Extensions.dll
		Aplicação de Terceiros\DLLs\Zeus\Microsoft.VisualStudio.TestPlatform.TestFramework.resources.dll = Aplicação de Terceiros\DLLs\Zeus\Microsoft.VisualStudio.TestPlatform.TestFramework.resources.dll
		Aplicação de Terceiros\DLLs\Zeus\Microsoft.Win32.SystemEvents.dll = Aplicação de Terceiros\DLLs\Zeus\Microsoft.Win32.SystemEvents.dll
		Aplicação de Terceiros\DLLs\Zeus\NFe.AppTeste.NetCore.dll = Aplicação de Terceiros\DLLs\Zeus\NFe.AppTeste.NetCore.dll
		Aplicação de Terceiros\DLLs\Zeus\NFe.Classes.dll = Aplicação de Terceiros\DLLs\Zeus\NFe.Classes.dll
		Aplicação de Terceiros\DLLs\Zeus\NFe.Classes.Standard.dll = Aplicação de Terceiros\DLLs\Zeus\NFe.Classes.Standard.dll
		Aplicação de Terceiros\DLLs\Zeus\NFe.Danfe.AppTeste.NetCore.dll = Aplicação de Terceiros\DLLs\Zeus\NFe.Danfe.AppTeste.NetCore.dll
		Aplicação de Terceiros\DLLs\Zeus\NFe.Danfe.Base.dll = Aplicação de Terceiros\DLLs\Zeus\NFe.Danfe.Base.dll
		Aplicação de Terceiros\DLLs\Zeus\NFe.Danfe.Base.Standard.dll = Aplicação de Terceiros\DLLs\Zeus\NFe.Danfe.Base.Standard.dll
		Aplicação de Terceiros\DLLs\Zeus\NFe.Danfe.Fast.dll = Aplicação de Terceiros\DLLs\Zeus\NFe.Danfe.Fast.dll
		Aplicação de Terceiros\DLLs\Zeus\NFe.Danfe.Fast.Standard.dll = Aplicação de Terceiros\DLLs\Zeus\NFe.Danfe.Fast.Standard.dll
		Aplicação de Terceiros\DLLs\Zeus\NFe.Danfe.Nativo.dll = Aplicação de Terceiros\DLLs\Zeus\NFe.Danfe.Nativo.dll
		Aplicação de Terceiros\DLLs\Zeus\NFe.Servicos.dll = Aplicação de Terceiros\DLLs\Zeus\NFe.Servicos.dll
		Aplicação de Terceiros\DLLs\Zeus\NFe.Servicos.Standard.dll = Aplicação de Terceiros\DLLs\Zeus\NFe.Servicos.Standard.dll
		Aplicação de Terceiros\DLLs\Zeus\NFe.Testes.dll = Aplicação de Terceiros\DLLs\Zeus\NFe.Testes.dll
		Aplicação de Terceiros\DLLs\Zeus\NFe.Utils.dll = Aplicação de Terceiros\DLLs\Zeus\NFe.Utils.dll
		Aplicação de Terceiros\DLLs\Zeus\NFe.Utils.Standard.dll = Aplicação de Terceiros\DLLs\Zeus\NFe.Utils.Standard.dll
		Aplicação de Terceiros\DLLs\Zeus\NFe.Utils.Testes.dll = Aplicação de Terceiros\DLLs\Zeus\NFe.Utils.Testes.dll
		Aplicação de Terceiros\DLLs\Zeus\NFe.Wsdl.dll = Aplicação de Terceiros\DLLs\Zeus\NFe.Wsdl.dll
		Aplicação de Terceiros\DLLs\Zeus\NFe.Wsdl.Standard.dll = Aplicação de Terceiros\DLLs\Zeus\NFe.Wsdl.Standard.dll
		Aplicação de Terceiros\DLLs\Zeus\NFe.Wsdl.XmlSerializers.dll = Aplicação de Terceiros\DLLs\Zeus\NFe.Wsdl.XmlSerializers.dll
		Aplicação de Terceiros\DLLs\Zeus\Properties.Resources.Designer.cs.dll = Aplicação de Terceiros\DLLs\Zeus\Properties.Resources.Designer.cs.dll
		Aplicação de Terceiros\DLLs\Zeus\System.Drawing.Common.dll = Aplicação de Terceiros\DLLs\Zeus\System.Drawing.Common.dll
		Aplicação de Terceiros\DLLs\Zeus\System.Security.Cryptography.Pkcs.dll = Aplicação de Terceiros\DLLs\Zeus\System.Security.Cryptography.Pkcs.dll
		Aplicação de Terceiros\DLLs\Zeus\System.Security.Cryptography.Xml.dll = Aplicação de Terceiros\DLLs\Zeus\System.Security.Cryptography.Xml.dll
		Aplicação de Terceiros\DLLs\Zeus\System.Security.Permissions.dll = Aplicação de Terceiros\DLLs\Zeus\System.Security.Permissions.dll
		Aplicação de Terceiros\DLLs\Zeus\System.Windows.Extensions.dll = Aplicação de Terceiros\DLLs\Zeus\System.Windows.Extensions.dll
		Aplicação de Terceiros\DLLs\Zeus\xunit.runner.reporters.netcoreapp10.dll = Aplicação de Terceiros\DLLs\Zeus\xunit.runner.reporters.netcoreapp10.dll
		Aplicação de Terceiros\DLLs\Zeus\xunit.runner.utility.netcoreapp10.dll = Aplicação de Terceiros\DLLs\Zeus\xunit.runner.utility.netcoreapp10.dll
		Aplicação de Terceiros\DLLs\Zeus\xunit.runner.visualstudio.dotnetcore.testadapter.dll = Aplicação de Terceiros\DLLs\Zeus\xunit.runner.visualstudio.dotnetcore.testadapter.dll
		Aplicação de Terceiros\DLLs\Zeus\zxing.dll = Aplicação de Terceiros\DLLs\Zeus\zxing.dll
		Aplicação de Terceiros\DLLs\Zeus\zxing.presentation.dll = Aplicação de Terceiros\DLLs\Zeus\zxing.presentation.dll
	EndProjectSection
EndProject
Project("{FAE04EC0-301F-11D3-BF4B-00C04F79EFBC}") = "SisCom.Aplicacao_FW", "SisCom.Aplicacao_FW\SisCom.Aplicacao_FW.csproj", "{B3CFFC5C-1D35-4A4D-A573-C61AEC2BC7A7}"
EndProject
Project("{2150E333-8FDC-42A3-9474-1A3956D46DE8}") = "Solution Items", "Solution Items", "{24DEE2DE-9ED2-48D8-AC4B-4ACB9A254C43}"
	ProjectSection(SolutionItems) = preProject
		.editorconfig = .editorconfig
	EndProjectSection
EndProject
Global
	GlobalSection(SolutionConfigurationPlatforms) = preSolution
		Debug|Any CPU = Debug|Any CPU
		Debug|x86 = Debug|x86
		Release|Any CPU = Release|Any CPU
		Release|x86 = Release|x86
	EndGlobalSection
	GlobalSection(ProjectConfigurationPlatforms) = postSolution
		{30DCE0CB-59A0-44E2-8E49-125A7BAA73CD}.Debug|Any CPU.ActiveCfg = Debug|Any CPU
		{30DCE0CB-59A0-44E2-8E49-125A7BAA73CD}.Debug|Any CPU.Build.0 = Debug|Any CPU
		{30DCE0CB-59A0-44E2-8E49-125A7BAA73CD}.Debug|x86.ActiveCfg = Debug|Any CPU
		{30DCE0CB-59A0-44E2-8E49-125A7BAA73CD}.Debug|x86.Build.0 = Debug|Any CPU
		{30DCE0CB-59A0-44E2-8E49-125A7BAA73CD}.Release|Any CPU.ActiveCfg = Release|Any CPU
		{30DCE0CB-59A0-44E2-8E49-125A7BAA73CD}.Release|Any CPU.Build.0 = Release|Any CPU
		{30DCE0CB-59A0-44E2-8E49-125A7BAA73CD}.Release|x86.ActiveCfg = Release|Any CPU
		{30DCE0CB-59A0-44E2-8E49-125A7BAA73CD}.Release|x86.Build.0 = Release|Any CPU
		{ED511B7E-3E64-4A81-AE66-06CD08543BB0}.Debug|Any CPU.ActiveCfg = Debug|Any CPU
		{ED511B7E-3E64-4A81-AE66-06CD08543BB0}.Debug|Any CPU.Build.0 = Debug|Any CPU
		{ED511B7E-3E64-4A81-AE66-06CD08543BB0}.Debug|x86.ActiveCfg = Debug|Any CPU
		{ED511B7E-3E64-4A81-AE66-06CD08543BB0}.Debug|x86.Build.0 = Debug|Any CPU
		{ED511B7E-3E64-4A81-AE66-06CD08543BB0}.Release|Any CPU.ActiveCfg = Release|Any CPU
		{ED511B7E-3E64-4A81-AE66-06CD08543BB0}.Release|Any CPU.Build.0 = Release|Any CPU
		{ED511B7E-3E64-4A81-AE66-06CD08543BB0}.Release|x86.ActiveCfg = Release|Any CPU
		{ED511B7E-3E64-4A81-AE66-06CD08543BB0}.Release|x86.Build.0 = Release|Any CPU
		{5DF8C509-EA11-43AF-A7D0-4E8013ADEA70}.Debug|Any CPU.ActiveCfg = Debug|Any CPU
		{5DF8C509-EA11-43AF-A7D0-4E8013ADEA70}.Debug|Any CPU.Build.0 = Debug|Any CPU
		{5DF8C509-EA11-43AF-A7D0-4E8013ADEA70}.Debug|x86.ActiveCfg = Debug|Any CPU
		{5DF8C509-EA11-43AF-A7D0-4E8013ADEA70}.Debug|x86.Build.0 = Debug|Any CPU
		{5DF8C509-EA11-43AF-A7D0-4E8013ADEA70}.Release|Any CPU.ActiveCfg = Release|Any CPU
		{5DF8C509-EA11-43AF-A7D0-4E8013ADEA70}.Release|Any CPU.Build.0 = Release|Any CPU
		{5DF8C509-EA11-43AF-A7D0-4E8013ADEA70}.Release|x86.ActiveCfg = Release|Any CPU
		{5DF8C509-EA11-43AF-A7D0-4E8013ADEA70}.Release|x86.Build.0 = Release|Any CPU
		{5E8B850F-95F5-4D14-91B0-6AE9E194F82E}.Debug|Any CPU.ActiveCfg = Debug|Any CPU
		{5E8B850F-95F5-4D14-91B0-6AE9E194F82E}.Debug|Any CPU.Build.0 = Debug|Any CPU
		{5E8B850F-95F5-4D14-91B0-6AE9E194F82E}.Debug|x86.ActiveCfg = Debug|Any CPU
		{5E8B850F-95F5-4D14-91B0-6AE9E194F82E}.Debug|x86.Build.0 = Debug|Any CPU
		{5E8B850F-95F5-4D14-91B0-6AE9E194F82E}.Release|Any CPU.ActiveCfg = Release|Any CPU
		{5E8B850F-95F5-4D14-91B0-6AE9E194F82E}.Release|Any CPU.Build.0 = Release|Any CPU
		{5E8B850F-95F5-4D14-91B0-6AE9E194F82E}.Release|x86.ActiveCfg = Release|Any CPU
		{5E8B850F-95F5-4D14-91B0-6AE9E194F82E}.Release|x86.Build.0 = Release|Any CPU
		{135E3110-188A-49F3-86DE-BFCFEA2FA2E4}.Debug|Any CPU.ActiveCfg = Debug|Any CPU
		{135E3110-188A-49F3-86DE-BFCFEA2FA2E4}.Debug|Any CPU.Build.0 = Debug|Any CPU
		{135E3110-188A-49F3-86DE-BFCFEA2FA2E4}.Debug|x86.ActiveCfg = Debug|Any CPU
		{135E3110-188A-49F3-86DE-BFCFEA2FA2E4}.Debug|x86.Build.0 = Debug|Any CPU
		{135E3110-188A-49F3-86DE-BFCFEA2FA2E4}.Release|Any CPU.ActiveCfg = Release|Any CPU
		{135E3110-188A-49F3-86DE-BFCFEA2FA2E4}.Release|Any CPU.Build.0 = Release|Any CPU
		{135E3110-188A-49F3-86DE-BFCFEA2FA2E4}.Release|x86.ActiveCfg = Release|Any CPU
		{135E3110-188A-49F3-86DE-BFCFEA2FA2E4}.Release|x86.Build.0 = Release|Any CPU
		{2AC471D6-E7EB-4ED1-AD9C-0C1729729E7B}.Debug|Any CPU.ActiveCfg = Debug|Any CPU
		{2AC471D6-E7EB-4ED1-AD9C-0C1729729E7B}.Debug|Any CPU.Build.0 = Debug|Any CPU
		{2AC471D6-E7EB-4ED1-AD9C-0C1729729E7B}.Debug|x86.ActiveCfg = Debug|Any CPU
		{2AC471D6-E7EB-4ED1-AD9C-0C1729729E7B}.Debug|x86.Build.0 = Debug|Any CPU
		{2AC471D6-E7EB-4ED1-AD9C-0C1729729E7B}.Release|Any CPU.ActiveCfg = Release|Any CPU
		{2AC471D6-E7EB-4ED1-AD9C-0C1729729E7B}.Release|Any CPU.Build.0 = Release|Any CPU
		{2AC471D6-E7EB-4ED1-AD9C-0C1729729E7B}.Release|x86.ActiveCfg = Release|Any CPU
		{2AC471D6-E7EB-4ED1-AD9C-0C1729729E7B}.Release|x86.Build.0 = Release|Any CPU
		{7C925B95-A8CB-40C9-A43E-07E420BBD9A0}.Debug|Any CPU.ActiveCfg = Debug|Any CPU
		{7C925B95-A8CB-40C9-A43E-07E420BBD9A0}.Debug|Any CPU.Build.0 = Debug|Any CPU
		{7C925B95-A8CB-40C9-A43E-07E420BBD9A0}.Debug|x86.ActiveCfg = Debug|Any CPU
		{7C925B95-A8CB-40C9-A43E-07E420BBD9A0}.Debug|x86.Build.0 = Debug|Any CPU
		{7C925B95-A8CB-40C9-A43E-07E420BBD9A0}.Release|Any CPU.ActiveCfg = Release|Any CPU
		{7C925B95-A8CB-40C9-A43E-07E420BBD9A0}.Release|Any CPU.Build.0 = Release|Any CPU
		{7C925B95-A8CB-40C9-A43E-07E420BBD9A0}.Release|x86.ActiveCfg = Release|Any CPU
		{7C925B95-A8CB-40C9-A43E-07E420BBD9A0}.Release|x86.Build.0 = Release|Any CPU
		{B3CFFC5C-1D35-4A4D-A573-C61AEC2BC7A7}.Debug|Any CPU.ActiveCfg = Debug|Any CPU
		{B3CFFC5C-1D35-4A4D-A573-C61AEC2BC7A7}.Debug|Any CPU.Build.0 = Debug|Any CPU
		{B3CFFC5C-1D35-4A4D-A573-C61AEC2BC7A7}.Debug|x86.ActiveCfg = Debug|Any CPU
		{B3CFFC5C-1D35-4A4D-A573-C61AEC2BC7A7}.Debug|x86.Build.0 = Debug|Any CPU
		{B3CFFC5C-1D35-4A4D-A573-C61AEC2BC7A7}.Release|Any CPU.ActiveCfg = Release|Any CPU
		{B3CFFC5C-1D35-4A4D-A573-C61AEC2BC7A7}.Release|Any CPU.Build.0 = Release|Any CPU
		{B3CFFC5C-1D35-4A4D-A573-C61AEC2BC7A7}.Release|x86.ActiveCfg = Release|Any CPU
		{B3CFFC5C-1D35-4A4D-A573-C61AEC2BC7A7}.Release|x86.Build.0 = Release|Any CPU
	EndGlobalSection
	GlobalSection(SolutionProperties) = preSolution
		HideSolutionNode = FALSE
	EndGlobalSection
	GlobalSection(NestedProjects) = preSolution
		{30DCE0CB-59A0-44E2-8E49-125A7BAA73CD} = {6E717EE9-0A45-41B8-AB0D-27B2409A29FC}
		{ED511B7E-3E64-4A81-AE66-06CD08543BB0} = {3F94EF16-B2D9-4DEC-8C0F-7940B321E783}
		{5DF8C509-EA11-43AF-A7D0-4E8013ADEA70} = {6E717EE9-0A45-41B8-AB0D-27B2409A29FC}
		{5E8B850F-95F5-4D14-91B0-6AE9E194F82E} = {006EC3D9-75DC-4AE8-AEEA-12705EA1DB2C}
		{135E3110-188A-49F3-86DE-BFCFEA2FA2E4} = {006EC3D9-75DC-4AE8-AEEA-12705EA1DB2C}
		{C59933F5-5180-4525-84C6-44B21BDBAAF2} = {079CF049-3CCD-4BEF-A9FD-B7D87758DBEB}
		{2AC471D6-E7EB-4ED1-AD9C-0C1729729E7B} = {8C15C12C-1F74-4B2D-85F3-E16D64411121}
		{7C925B95-A8CB-40C9-A43E-07E420BBD9A0} = {8C15C12C-1F74-4B2D-85F3-E16D64411121}
		{15216C85-F06C-4B3F-9B3C-E17F7B8EC524} = {43CE6BB4-3E68-41C7-ABA7-EBAA3356203B}
		{5DAEC066-FEC7-4E4C-A0A2-1896662B5262} = {079CF049-3CCD-4BEF-A9FD-B7D87758DBEB}
		{B288FBF4-32BB-4A27-9061-50CFDC814BB2} = {43CE6BB4-3E68-41C7-ABA7-EBAA3356203B}
		{C80E034C-36E7-442E-85BD-445E779DA555} = {B288FBF4-32BB-4A27-9061-50CFDC814BB2}
		{0A966997-F6C0-4DF1-A6F9-26239C0D571F} = {B288FBF4-32BB-4A27-9061-50CFDC814BB2}
		{B3CFFC5C-1D35-4A4D-A573-C61AEC2BC7A7} = {3F94EF16-B2D9-4DEC-8C0F-7940B321E783}
	EndGlobalSection
	GlobalSection(ExtensibilityGlobals) = postSolution
		SolutionGuid = {C8C4D9F7-EF86-49A2-83AF-13FA5D4E8DBB}
	EndGlobalSection
	GlobalSection(SharedMSBuildProjectFiles) = preSolution
		Funcoes\Funcoes.projitems*{30dce0cb-59a0-44e2-8e49-125a7baa73cd}*SharedItemsImports = 5
		Funcoes\Funcoes.projitems*{c59933f5-5180-4525-84c6-44b21bdbaaf2}*SharedItemsImports = 13
	EndGlobalSection
EndGlobal
